// !$*UTF8*$!
{
	archiveVersion = 1;
	classes = {
	};
	objectVersion = 46;
	objects = {

/* Begin PBXBuildFile section */
		ACD09BC31BF1D2F000192AF6 /* AppDelegate.swift in Sources */ = {isa = PBXBuildFile; fileRef = ACD09BC21BF1D2F000192AF6 /* AppDelegate.swift */; };
		ACD09BCA1BF1D2F000192AF6 /* Assets.xcassets in Resources */ = {isa = PBXBuildFile; fileRef = ACD09BC91BF1D2F000192AF6 /* Assets.xcassets */; };
		ACD09BDA1BF1DB3300192AF6 /* SwitchWithTextTableViewCell.swift in Sources */ = {isa = PBXBuildFile; fileRef = ACD09BD81BF1DB3300192AF6 /* SwitchWithTextTableViewCell.swift */; };
		ACD09BDB1BF1DB3300192AF6 /* SwitchWithTextTableViewCell.xib in Resources */ = {isa = PBXBuildFile; fileRef = ACD09BD91BF1DB3300192AF6 /* SwitchWithTextTableViewCell.xib */; };
		ACD09BDD1BF1E7FD00192AF6 /* MinionModeViewModel.swift in Sources */ = {isa = PBXBuildFile; fileRef = ACD09BDC1BF1E7FD00192AF6 /* MinionModeViewModel.swift */; };
		ACD09BDF1BF1E8F200192AF6 /* SettingsViewController.swift in Sources */ = {isa = PBXBuildFile; fileRef = ACD09BDE1BF1E8F200192AF6 /* SettingsViewController.swift */; };
		ACD09BE41BF307ED00192AF6 /* NetworkViewController.swift in Sources */ = {isa = PBXBuildFile; fileRef = ACD09BE21BF307ED00192AF6 /* NetworkViewController.swift */; };
		ACD09BE71BF3159500192AF6 /* Network.swift in Sources */ = {isa = PBXBuildFile; fileRef = ACD09BE61BF3159500192AF6 /* Network.swift */; };
/* End PBXBuildFile section */

/* Begin PBXFileReference section */
		ACD09BBF1BF1D2F000192AF6 /* SwiftPractice.app */ = {isa = PBXFileReference; explicitFileType = wrapper.application; includeInIndex = 0; path = SwiftPractice.app; sourceTree = BUILT_PRODUCTS_DIR; };
		ACD09BC21BF1D2F000192AF6 /* AppDelegate.swift */ = {isa = PBXFileReference; lastKnownFileType = sourcecode.swift; path = AppDelegate.swift; sourceTree = "<group>"; };
		ACD09BC91BF1D2F000192AF6 /* Assets.xcassets */ = {isa = PBXFileReference; lastKnownFileType = folder.assetcatalog; path = Assets.xcassets; sourceTree = "<group>"; };
		ACD09BCE1BF1D2F000192AF6 /* Info.plist */ = {isa = PBXFileReference; lastKnownFileType = text.plist.xml; path = Info.plist; sourceTree = "<group>"; };
		ACD09BD81BF1DB3300192AF6 /* SwitchWithTextTableViewCell.swift */ = {isa = PBXFileReference; fileEncoding = 4; lastKnownFileType = sourcecode.swift; path = SwitchWithTextTableViewCell.swift; sourceTree = "<group>"; };
		ACD09BD91BF1DB3300192AF6 /* SwitchWithTextTableViewCell.xib */ = {isa = PBXFileReference; fileEncoding = 4; lastKnownFileType = file.xib; path = SwitchWithTextTableViewCell.xib; sourceTree = "<group>"; };
		ACD09BDC1BF1E7FD00192AF6 /* MinionModeViewModel.swift */ = {isa = PBXFileReference; fileEncoding = 4; lastKnownFileType = sourcecode.swift; path = MinionModeViewModel.swift; sourceTree = "<group>"; };
		ACD09BDE1BF1E8F200192AF6 /* SettingsViewController.swift */ = {isa = PBXFileReference; fileEncoding = 4; lastKnownFileType = sourcecode.swift; path = SettingsViewController.swift; sourceTree = "<group>"; };
		ACD09BE21BF307ED00192AF6 /* NetworkViewController.swift */ = {isa = PBXFileReference; fileEncoding = 4; lastKnownFileType = sourcecode.swift; path = NetworkViewController.swift; sourceTree = "<group>"; };
		ACD09BE61BF3159500192AF6 /* Network.swift */ = {isa = PBXFileReference; fileEncoding = 4; lastKnownFileType = sourcecode.swift; path = Network.swift; sourceTree = "<group>"; };
/* End PBXFileReference section */

/* Begin PBXFrameworksBuildPhase section */
		ACD09BBC1BF1D2F000192AF6 /* Frameworks */ = {
			isa = PBXFrameworksBuildPhase;
			buildActionMask = 2147483647;
			files = (
			);
			runOnlyForDeploymentPostprocessing = 0;
		};
/* End PBXFrameworksBuildPhase section */

/* Begin PBXGroup section */
		ACD09BB61BF1D2F000192AF6 = {
			isa = PBXGroup;
			children = (
				ACD09BC11BF1D2F000192AF6 /* SwiftPractice */,
				ACD09BC01BF1D2F000192AF6 /* Products */,
			);
			sourceTree = "<group>";
		};
		ACD09BC01BF1D2F000192AF6 /* Products */ = {
			isa = PBXGroup;
			children = (
				ACD09BBF1BF1D2F000192AF6 /* SwiftPractice.app */,
			);
			name = Products;
			sourceTree = "<group>";
		};
		ACD09BC11BF1D2F000192AF6 /* SwiftPractice */ = {
			isa = PBXGroup;
			children = (
				ACD09BE11BF307C400192AF6 /* Network */,
				ACD09BD41BF1DAE000192AF6 /* MVVM */,
				ACD09BC21BF1D2F000192AF6 /* AppDelegate.swift */,
				ACD09BC91BF1D2F000192AF6 /* Assets.xcassets */,
				ACD09BCE1BF1D2F000192AF6 /* Info.plist */,
			);
			path = SwiftPractice;
			sourceTree = "<group>";
		};
		ACD09BD41BF1DAE000192AF6 /* MVVM */ = {
			isa = PBXGroup;
			children = (
				ACD09BD51BF1DAE000192AF6 /* Controller */,
				ACD09BD61BF1DAE000192AF6 /* View */,
				ACD09BD71BF1DAE000192AF6 /* ViewModel */,
			);
			path = MVVM;
			sourceTree = "<group>";
		};
		ACD09BD51BF1DAE000192AF6 /* Controller */ = {
			isa = PBXGroup;
			children = (
				ACD09BDE1BF1E8F200192AF6 /* SettingsViewController.swift */,
			);
			path = Controller;
			sourceTree = "<group>";
		};
		ACD09BD61BF1DAE000192AF6 /* View */ = {
			isa = PBXGroup;
			children = (
				ACD09BD81BF1DB3300192AF6 /* SwitchWithTextTableViewCell.swift */,
				ACD09BD91BF1DB3300192AF6 /* SwitchWithTextTableViewCell.xib */,
			);
			path = View;
			sourceTree = "<group>";
		};
		ACD09BD71BF1DAE000192AF6 /* ViewModel */ = {
			isa = PBXGroup;
			children = (
				ACD09BDC1BF1E7FD00192AF6 /* MinionModeViewModel.swift */,
			);
			path = ViewModel;
			sourceTree = "<group>";
		};
		ACD09BE11BF307C400192AF6 /* Network */ = {
			isa = PBXGroup;
			children = (
				ACD09BE21BF307ED00192AF6 /* NetworkViewController.swift */,
				ACD09BE61BF3159500192AF6 /* Network.swift */,
			);
			path = Network;
			sourceTree = "<group>";
		};
/* End PBXGroup section */

/* Begin PBXNativeTarget section */
		ACD09BBE1BF1D2F000192AF6 /* SwiftPractice */ = {
			isa = PBXNativeTarget;
			buildConfigurationList = ACD09BD11BF1D2F000192AF6 /* Build configuration list for PBXNativeTarget "SwiftPractice" */;
			buildPhases = (
				ACD09BBB1BF1D2F000192AF6 /* Sources */,
				ACD09BBC1BF1D2F000192AF6 /* Frameworks */,
				ACD09BBD1BF1D2F000192AF6 /* Resources */,
			);
			buildRules = (
			);
			dependencies = (
			);
			name = SwiftPractice;
			productName = SwiftPractice;
			productReference = ACD09BBF1BF1D2F000192AF6 /* SwiftPractice.app */;
			productType = "com.apple.product-type.application";
		};
/* End PBXNativeTarget section */

/* Begin PBXProject section */
		ACD09BB71BF1D2F000192AF6 /* Project object */ = {
			isa = PBXProject;
			attributes = {
				LastSwiftUpdateCheck = 0710;
				LastUpgradeCheck = 0710;
				ORGANIZATIONNAME = zhuli;
				TargetAttributes = {
					ACD09BBE1BF1D2F000192AF6 = {
						CreatedOnToolsVersion = 7.1;
					};
				};
			};
			buildConfigurationList = ACD09BBA1BF1D2F000192AF6 /* Build configuration list for PBXProject "SwiftPractice" */;
			compatibilityVersion = "Xcode 3.2";
			developmentRegion = English;
			hasScannedForEncodings = 0;
			knownRegions = (
				en,
				Base,
			);
			mainGroup = ACD09BB61BF1D2F000192AF6;
			productRefGroup = ACD09BC01BF1D2F000192AF6 /* Products */;
			projectDirPath = "";
			projectRoot = "";
			targets = (
				ACD09BBE1BF1D2F000192AF6 /* SwiftPractice */,
			);
		};
/* End PBXProject section */

/* Begin PBXResourcesBuildPhase section */
		ACD09BBD1BF1D2F000192AF6 /* Resources */ = {
			isa = PBXResourcesBuildPhase;
			buildActionMask = 2147483647;
			files = (
				ACD09BDB1BF1DB3300192AF6 /* SwitchWithTextTableViewCell.xib in Resources */,
				ACD09BCA1BF1D2F000192AF6 /* Assets.xcassets in Resources */,
			);
			runOnlyForDeploymentPostprocessing = 0;
		};
/* End PBXResourcesBuildPhase section */

/* Begin PBXSourcesBuildPhase section */
		ACD09BBB1BF1D2F000192AF6 /* Sources */ = {
			isa = PBXSourcesBuildPhase;
			buildActionMask = 2147483647;
			files = (
				ACD09BE41BF307ED00192AF6 /* NetworkViewController.swift in Sources */,
				ACD09BDA1BF1DB3300192AF6 /* SwitchWithTextTableViewCell.swift in Sources */,
				ACD09BE71BF3159500192AF6 /* Network.swift in Sources */,
				ACD09BC31BF1D2F000192AF6 /* AppDelegate.swift in Sources */,
				ACD09BDF1BF1E8F200192AF6 /* SettingsViewController.swift in Sources */,
				ACD09BDD1BF1E7FD00192AF6 /* MinionModeViewModel.swift in Sources */,
			);
			runOnlyForDeploymentPostprocessing = 0;
		};
/* End PBXSourcesBuildPhase section */

/* Begin XCBuildConfiguration section */
		ACD09BCF1BF1D2F000192AF6 /* Debug */ = {
			isa = XCBuildConfiguration;
			buildSettings = {
				ALWAYS_SEARCH_USER_PATHS = NO;
				CLANG_CXX_LANGUAGE_STANDARD = "gnu++0x";
				CLANG_CXX_LIBRARY = "libc++";
				CLANG_ENABLE_MODULES = YES;
				CLANG_ENABLE_OBJC_ARC = YES;
				CLANG_WARN_BOOL_CONVERSION = YES;
				CLANG_WARN_CONSTANT_CONVERSION = YES;
				CLANG_WARN_DIRECT_OBJC_ISA_USAGE = YES_ERROR;
				CLANG_WARN_EMPTY_BODY = YES;
				CLANG_WARN_ENUM_CONVERSION = YES;
				CLANG_WARN_INT_CONVERSION = YES;
				CLANG_WARN_OBJC_ROOT_CLASS = YES_ERROR;
				CLANG_WARN_UNREACHABLE_CODE = YES;
				CLANG_WARN__DUPLICATE_METHOD_MATCH = YES;
				"CODE_SIGN_IDENTITY[sdk=iphoneos*]" = "iPhone Developer";
				COPY_PHASE_STRIP = NO;
				DEBUG_INFORMATION_FORMAT = dwarf;
				ENABLE_STRICT_OBJC_MSGSEND = YES;
				ENABLE_TESTABILITY = YES;
				GCC_C_LANGUAGE_STANDARD = gnu99;
				GCC_DYNAMIC_NO_PIC = NO;
				GCC_NO_COMMON_BLOCKS = YES;
				GCC_OPTIMIZATION_LEVEL = 0;
				GCC_PREPROCESSOR_DEFINITIONS = (
					"DEBUG=1",
					"$(inherited)",
				);
				GCC_WARN_64_TO_32_BIT_CONVERSION = YES;
				GCC_WARN_ABOUT_RETURN_TYPE = YES_ERROR;
				GCC_WARN_UNDECLARED_SELECTOR = YES;
				GCC_WARN_UNINITIALIZED_AUTOS = YES_AGGRESSIVE;
				GCC_WARN_UNUSED_FUNCTION = YES;
				GCC_WARN_UNUSED_VARIABLE = YES;
				IPHONEOS_DEPLOYMENT_TARGET = 9.1;
				MTL_ENABLE_DEBUG_INFO = YES;
				ONLY_ACTIVE_ARCH = YES;
				SDKROOT = iphoneos;
				SWIFT_OPTIMIZATION_LEVEL = "-Onone";
			};
			name = Debug;
		};
		ACD09BD01BF1D2F000192AF6 /* Release */ = {
			isa = XCBuildConfiguration;
			buildSettings = {
				ALWAYS_SEARCH_USER_PATHS = NO;
				CLANG_CXX_LANGUAGE_STANDARD = "gnu++0x";
				CLANG_CXX_LIBRARY = "libc++";
				CLANG_ENABLE_MODULES = YES;
				CLANG_ENABLE_OBJC_ARC = YES;
				CLANG_WARN_BOOL_CONVERSION = YES;
				CLANG_WARN_CONSTANT_CONVERSION = YES;
				CLANG_WARN_DIRECT_OBJC_ISA_USAGE = YES_ERROR;
				CLANG_WARN_EMPTY_BODY = YES;
				CLANG_WARN_ENUM_CONVERSION = YES;
				CLANG_WARN_INT_CONVERSION = YES;
				CLANG_WARN_OBJC_ROOT_CLASS = YES_ERROR;
				CLANG_WARN_UNREACHABLE_CODE = YES;
				CLANG_WARN__DUPLICATE_METHOD_MATCH = YES;
				"CODE_SIGN_IDENTITY[sdk=iphoneos*]" = "iPhone Developer";
				COPY_PHASE_STRIP = NO;
				DEBUG_INFORMATION_FORMAT = "dwarf-with-dsym";
				ENABLE_NS_ASSERTIONS = NO;
				ENABLE_STRICT_OBJC_MSGSEND = YES;
				GCC_C_LANGUAGE_STANDARD = gnu99;
				GCC_NO_COMMON_BLOCKS = YES;
				GCC_WARN_64_TO_32_BIT_CONVERSION = YES;
				GCC_WARN_ABOUT_RETURN_TYPE = YES_ERROR;
				GCC_WARN_UNDECLARED_SELECTOR = YES;
				GCC_WARN_UNINITIALIZED_AUTOS = YES_AGGRESSIVE;
				GCC_WARN_UNUSED_FUNCTION = YES;
				GCC_WARN_UNUSED_VARIABLE = YES;
				IPHONEOS_DEPLOYMENT_TARGET = 9.1;
				MTL_ENABLE_DEBUG_INFO = NO;
				SDKROOT = iphoneos;
				VALIDATE_PRODUCT = YES;
			};
			name = Release;
		};
		ACD09BD21BF1D2F000192AF6 /* Debug */ = {
			isa = XCBuildConfiguration;
			buildSettings = {
				ASSETCATALOG_COMPILER_APPICON_NAME = AppIcon;
				ASSETCATALOG_COMPILER_LAUNCHIMAGE_NAME = LaunchImage;
				INFOPLIST_FILE = SwiftPractice/Info.plist;
				IPHONEOS_DEPLOYMENT_TARGET = 7.0;
				LD_RUNPATH_SEARCH_PATHS = "$(inherited) @executable_path/Frameworks";
				PRODUCT_BUNDLE_IDENTIFIER = com.zhuli8.SwiftPractice;
				PRODUCT_NAME = "$(TARGET_NAME)";
			};
			name = Debug;
		};
		ACD09BD31BF1D2F000192AF6 /* Release */ = {
			isa = XCBuildConfiguration;
			buildSettings = {
				ASSETCATALOG_COMPILER_APPICON_NAME = AppIcon;
				ASSETCATALOG_COMPILER_LAUNCHIMAGE_NAME = LaunchImage;
				INFOPLIST_FILE = SwiftPractice/Info.plist;
				IPHONEOS_DEPLOYMENT_TARGET = 7.0;
				LD_RUNPATH_SEARCH_PATHS = "$(inherited) @executable_path/Frameworks";
				PRODUCT_BUNDLE_IDENTIFIER = com.zhuli8.SwiftPractice;
				PRODUCT_NAME = "$(TARGET_NAME)";
			};
			name = Release;
		};
/* End XCBuildConfiguration section */

/* Begin XCConfigurationList section */
		ACD09BBA1BF1D2F000192AF6 /* Build configuration list for PBXProject "SwiftPractice" */ = {
			isa = XCConfigurationList;
			buildConfigurations = (
				ACD09BCF1BF1D2F000192AF6 /* Debug */,
				ACD09BD01BF1D2F000192AF6 /* Release */,
			);
			defaultConfigurationIsVisible = 0;
			defaultConfigurationName = Release;
		};
		ACD09BD11BF1D2F000192AF6 /* Build configuration list for PBXNativeTarget "SwiftPractice" */ = {
			isa = XCConfigurationList;
			buildConfigurations = (
				ACD09BD21BF1D2F000192AF6 /* Debug */,
				ACD09BD31BF1D2F000192AF6 /* Release */,
			);
			defaultConfigurationIsVisible = 0;
			defaultConfigurationName = Release;
		};
/* End XCConfigurationList section */
	};
	rootObject = ACD09BB71BF1D2F000192AF6 /* Project object */;
}
